
Microsoft Visual Studio Solution File, Format Version 12.00
Project("{FAE04EC0-301F-11D3-BF4B-00C04F79EFBC}") = "MSO_Project", "MSO_Project\MSO_Project.csproj", "{04A55DAE-1FC5-491E-B62D-A798C6DDE234}"
EndProject
Project("{FAE04EC0-301F-11D3-BF4B-00C04F79EFBC}") = "Test_MSO_Project", "Test_MSO_Project\Test_MSO_Project.csproj", "{D250BEC7-BB42-41E6-9373-474C61188837}"
EndProject
Global
	GlobalSection(SolutionConfigurationPlatforms) = preSolution
		Debug|Any CPU = Debug|Any CPU
		Release|Any CPU = Release|Any CPU
	EndGlobalSection
	GlobalSection(ProjectConfigurationPlatforms) = postSolution
		{04A55DAE-1FC5-491E-B62D-A798C6DDE234}.Debug|Any CPU.ActiveCfg = Debug|Any CPU
		{04A55DAE-1FC5-491E-B62D-A798C6DDE234}.Debug|Any CPU.Build.0 = Debug|Any CPU
		{04A55DAE-1FC5-491E-B62D-A798C6DDE234}.Release|Any CPU.ActiveCfg = Release|Any CPU
		{04A55DAE-1FC5-491E-B62D-A798C6DDE234}.Release|Any CPU.Build.0 = Release|Any CPU
		{D250BEC7-BB42-41E6-9373-474C61188837}.Debug|Any CPU.ActiveCfg = Debug|Any CPU
		{D250BEC7-BB42-41E6-9373-474C61188837}.Debug|Any CPU.Build.0 = Debug|Any CPU
		{D250BEC7-BB42-41E6-9373-474C61188837}.Release|Any CPU.ActiveCfg = Release|Any CPU
		{D250BEC7-BB42-41E6-9373-474C61188837}.Release|Any CPU.Build.0 = Release|Any CPU
	EndGlobalSection
EndGlobal
