
Microsoft Visual Studio Solution File, Format Version 12.00
Project("{FAE04EC0-301F-11D3-BF4B-00C04F79EFBC}") = "MSO-Project", "MSO-Project.csproj", "{4037C160-601B-4435-B11A-025D11C9A69E}"
EndProject
Project("{FAE04EC0-301F-11D3-BF4B-00C04F79EFBC}") = "Test-MSO-Project", "Test-MSO-Project\Test-MSO-Project.csproj", "{94B1BD31-6B35-4F31-B6DF-A877F3CB4C2D}"
EndProject
Global
	GlobalSection(SolutionConfigurationPlatforms) = preSolution
		Debug|Any CPU = Debug|Any CPU
		Release|Any CPU = Release|Any CPU
	EndGlobalSection
	GlobalSection(ProjectConfigurationPlatforms) = postSolution
		{4037C160-601B-4435-B11A-025D11C9A69E}.Debug|Any CPU.ActiveCfg = Debug|Any CPU
		{4037C160-601B-4435-B11A-025D11C9A69E}.Debug|Any CPU.Build.0 = Debug|Any CPU
		{4037C160-601B-4435-B11A-025D11C9A69E}.Release|Any CPU.ActiveCfg = Release|Any CPU
		{4037C160-601B-4435-B11A-025D11C9A69E}.Release|Any CPU.Build.0 = Release|Any CPU
		{94B1BD31-6B35-4F31-B6DF-A877F3CB4C2D}.Debug|Any CPU.ActiveCfg = Debug|Any CPU
		{94B1BD31-6B35-4F31-B6DF-A877F3CB4C2D}.Debug|Any CPU.Build.0 = Debug|Any CPU
		{94B1BD31-6B35-4F31-B6DF-A877F3CB4C2D}.Release|Any CPU.ActiveCfg = Release|Any CPU
		{94B1BD31-6B35-4F31-B6DF-A877F3CB4C2D}.Release|Any CPU.Build.0 = Release|Any CPU
	EndGlobalSection
EndGlobal
